// !$*UTF8*$!
{
	archiveVersion = 1;
	classes = {
	};
	objectVersion = 55;
	objects = {

/* Begin PBXBuildFile section */
		F946A612289BBDB500DDD402 /* SnowSeekerApp.swift in Sources */ = {isa = PBXBuildFile; fileRef = F946A611289BBDB500DDD402 /* SnowSeekerApp.swift */; };
		F946A614289BBDB500DDD402 /* ContentView.swift in Sources */ = {isa = PBXBuildFile; fileRef = F946A613289BBDB500DDD402 /* ContentView.swift */; };
		F946A616289BBDB700DDD402 /* Assets.xcassets in Resources */ = {isa = PBXBuildFile; fileRef = F946A615289BBDB700DDD402 /* Assets.xcassets */; };
		F946A619289BBDB700DDD402 /* Preview Assets.xcassets in Resources */ = {isa = PBXBuildFile; fileRef = F946A618289BBDB700DDD402 /* Preview Assets.xcassets */; };
		F946A623289BBDB700DDD402 /* SnowSeekerTests.swift in Sources */ = {isa = PBXBuildFile; fileRef = F946A622289BBDB700DDD402 /* SnowSeekerTests.swift */; };
		F946A62D289BBDB700DDD402 /* SnowSeekerUITests.swift in Sources */ = {isa = PBXBuildFile; fileRef = F946A62C289BBDB700DDD402 /* SnowSeekerUITests.swift */; };
		F946A62F289BBDB700DDD402 /* SnowSeekerUITestsLaunchTests.swift in Sources */ = {isa = PBXBuildFile; fileRef = F946A62E289BBDB700DDD402 /* SnowSeekerUITestsLaunchTests.swift */; };
		F946A63D289BC43300DDD402 /* SideBySideViews.swift in Sources */ = {isa = PBXBuildFile; fileRef = F946A63C289BC43300DDD402 /* SideBySideViews.swift */; };
		F946A63F289BC49B00DDD402 /* AlertAndSheetWithOptionals.swift in Sources */ = {isa = PBXBuildFile; fileRef = F946A63E289BC49B00DDD402 /* AlertAndSheetWithOptionals.swift */; };
/* End PBXBuildFile section */

/* Begin PBXContainerItemProxy section */
		F946A61F289BBDB700DDD402 /* PBXContainerItemProxy */ = {
			isa = PBXContainerItemProxy;
			containerPortal = F946A606289BBDB500DDD402 /* Project object */;
			proxyType = 1;
			remoteGlobalIDString = F946A60D289BBDB500DDD402;
			remoteInfo = SnowSeeker;
		};
		F946A629289BBDB700DDD402 /* PBXContainerItemProxy */ = {
			isa = PBXContainerItemProxy;
			containerPortal = F946A606289BBDB500DDD402 /* Project object */;
			proxyType = 1;
			remoteGlobalIDString = F946A60D289BBDB500DDD402;
			remoteInfo = SnowSeeker;
		};
/* End PBXContainerItemProxy section */

/* Begin PBXFileReference section */
		F946A60E289BBDB500DDD402 /* SnowSeeker.app */ = {isa = PBXFileReference; explicitFileType = wrapper.application; includeInIndex = 0; path = SnowSeeker.app; sourceTree = BUILT_PRODUCTS_DIR; };
		F946A611289BBDB500DDD402 /* SnowSeekerApp.swift */ = {isa = PBXFileReference; lastKnownFileType = sourcecode.swift; path = SnowSeekerApp.swift; sourceTree = "<group>"; };
		F946A613289BBDB500DDD402 /* ContentView.swift */ = {isa = PBXFileReference; lastKnownFileType = sourcecode.swift; path = ContentView.swift; sourceTree = "<group>"; };
		F946A615289BBDB700DDD402 /* Assets.xcassets */ = {isa = PBXFileReference; lastKnownFileType = folder.assetcatalog; path = Assets.xcassets; sourceTree = "<group>"; };
		F946A618289BBDB700DDD402 /* Preview Assets.xcassets */ = {isa = PBXFileReference; lastKnownFileType = folder.assetcatalog; path = "Preview Assets.xcassets"; sourceTree = "<group>"; };
		F946A61E289BBDB700DDD402 /* SnowSeekerTests.xctest */ = {isa = PBXFileReference; explicitFileType = wrapper.cfbundle; includeInIndex = 0; path = SnowSeekerTests.xctest; sourceTree = BUILT_PRODUCTS_DIR; };
		F946A622289BBDB700DDD402 /* SnowSeekerTests.swift */ = {isa = PBXFileReference; lastKnownFileType = sourcecode.swift; path = SnowSeekerTests.swift; sourceTree = "<group>"; };
		F946A628289BBDB700DDD402 /* SnowSeekerUITests.xctest */ = {isa = PBXFileReference; explicitFileType = wrapper.cfbundle; includeInIndex = 0; path = SnowSeekerUITests.xctest; sourceTree = BUILT_PRODUCTS_DIR; };
		F946A62C289BBDB700DDD402 /* SnowSeekerUITests.swift */ = {isa = PBXFileReference; lastKnownFileType = sourcecode.swift; path = SnowSeekerUITests.swift; sourceTree = "<group>"; };
		F946A62E289BBDB700DDD402 /* SnowSeekerUITestsLaunchTests.swift */ = {isa = PBXFileReference; lastKnownFileType = sourcecode.swift; path = SnowSeekerUITestsLaunchTests.swift; sourceTree = "<group>"; };
		F946A63C289BC43300DDD402 /* SideBySideViews.swift */ = {isa = PBXFileReference; lastKnownFileType = sourcecode.swift; path = SideBySideViews.swift; sourceTree = "<group>"; };
		F946A63E289BC49B00DDD402 /* AlertAndSheetWithOptionals.swift */ = {isa = PBXFileReference; lastKnownFileType = sourcecode.swift; path = AlertAndSheetWithOptionals.swift; sourceTree = "<group>"; };
/* End PBXFileReference section */

/* Begin PBXFrameworksBuildPhase section */
		F946A60B289BBDB500DDD402 /* Frameworks */ = {
			isa = PBXFrameworksBuildPhase;
			buildActionMask = 2147483647;
			files = (
			);
			runOnlyForDeploymentPostprocessing = 0;
		};
		F946A61B289BBDB700DDD402 /* Frameworks */ = {
			isa = PBXFrameworksBuildPhase;
			buildActionMask = 2147483647;
			files = (
			);
			runOnlyForDeploymentPostprocessing = 0;
		};
		F946A625289BBDB700DDD402 /* Frameworks */ = {
			isa = PBXFrameworksBuildPhase;
			buildActionMask = 2147483647;
			files = (
			);
			runOnlyForDeploymentPostprocessing = 0;
		};
/* End PBXFrameworksBuildPhase section */

/* Begin PBXGroup section */
		F946A605289BBDB500DDD402 = {
			isa = PBXGroup;
			children = (
				F946A610289BBDB500DDD402 /* SnowSeeker */,
				F946A621289BBDB700DDD402 /* SnowSeekerTests */,
				F946A62B289BBDB700DDD402 /* SnowSeekerUITests */,
				F946A60F289BBDB500DDD402 /* Products */,
			);
			sourceTree = "<group>";
		};
		F946A60F289BBDB500DDD402 /* Products */ = {
			isa = PBXGroup;
			children = (
				F946A60E289BBDB500DDD402 /* SnowSeeker.app */,
				F946A61E289BBDB700DDD402 /* SnowSeekerTests.xctest */,
				F946A628289BBDB700DDD402 /* SnowSeekerUITests.xctest */,
			);
			name = Products;
			sourceTree = "<group>";
		};
		F946A610289BBDB500DDD402 /* SnowSeeker */ = {
			isa = PBXGroup;
			children = (
				F946A63B289BBDE400DDD402 /* Learning */,
				F946A611289BBDB500DDD402 /* SnowSeekerApp.swift */,
				F946A613289BBDB500DDD402 /* ContentView.swift */,
				F946A615289BBDB700DDD402 /* Assets.xcassets */,
				F946A617289BBDB700DDD402 /* Preview Content */,
			);
			path = SnowSeeker;
			sourceTree = "<group>";
		};
		F946A617289BBDB700DDD402 /* Preview Content */ = {
			isa = PBXGroup;
			children = (
				F946A618289BBDB700DDD402 /* Preview Assets.xcassets */,
			);
			path = "Preview Content";
			sourceTree = "<group>";
		};
		F946A621289BBDB700DDD402 /* SnowSeekerTests */ = {
			isa = PBXGroup;
			children = (
				F946A622289BBDB700DDD402 /* SnowSeekerTests.swift */,
			);
			path = SnowSeekerTests;
			sourceTree = "<group>";
		};
		F946A62B289BBDB700DDD402 /* SnowSeekerUITests */ = {
			isa = PBXGroup;
			children = (
				F946A62C289BBDB700DDD402 /* SnowSeekerUITests.swift */,
				F946A62E289BBDB700DDD402 /* SnowSeekerUITestsLaunchTests.swift */,
			);
			path = SnowSeekerUITests;
			sourceTree = "<group>";
		};
		F946A63B289BBDE400DDD402 /* Learning */ = {
			isa = PBXGroup;
			children = (
				F946A63C289BC43300DDD402 /* SideBySideViews.swift */,
				F946A63E289BC49B00DDD402 /* AlertAndSheetWithOptionals.swift */,
			);
			path = Learning;
			sourceTree = "<group>";
		};
/* End PBXGroup section */

/* Begin PBXNativeTarget section */
		F946A60D289BBDB500DDD402 /* SnowSeeker */ = {
			isa = PBXNativeTarget;
			buildConfigurationList = F946A632289BBDB700DDD402 /* Build configuration list for PBXNativeTarget "SnowSeeker" */;
			buildPhases = (
				F946A60A289BBDB500DDD402 /* Sources */,
				F946A60B289BBDB500DDD402 /* Frameworks */,
				F946A60C289BBDB500DDD402 /* Resources */,
			);
			buildRules = (
			);
			dependencies = (
			);
			name = SnowSeeker;
			productName = SnowSeeker;
			productReference = F946A60E289BBDB500DDD402 /* SnowSeeker.app */;
			productType = "com.apple.product-type.application";
		};
		F946A61D289BBDB700DDD402 /* SnowSeekerTests */ = {
			isa = PBXNativeTarget;
			buildConfigurationList = F946A635289BBDB700DDD402 /* Build configuration list for PBXNativeTarget "SnowSeekerTests" */;
			buildPhases = (
				F946A61A289BBDB700DDD402 /* Sources */,
				F946A61B289BBDB700DDD402 /* Frameworks */,
				F946A61C289BBDB700DDD402 /* Resources */,
			);
			buildRules = (
			);
			dependencies = (
				F946A620289BBDB700DDD402 /* PBXTargetDependency */,
			);
			name = SnowSeekerTests;
			productName = SnowSeekerTests;
			productReference = F946A61E289BBDB700DDD402 /* SnowSeekerTests.xctest */;
			productType = "com.apple.product-type.bundle.unit-test";
		};
		F946A627289BBDB700DDD402 /* SnowSeekerUITests */ = {
			isa = PBXNativeTarget;
			buildConfigurationList = F946A638289BBDB700DDD402 /* Build configuration list for PBXNativeTarget "SnowSeekerUITests" */;
			buildPhases = (
				F946A624289BBDB700DDD402 /* Sources */,
				F946A625289BBDB700DDD402 /* Frameworks */,
				F946A626289BBDB700DDD402 /* Resources */,
			);
			buildRules = (
			);
			dependencies = (
				F946A62A289BBDB700DDD402 /* PBXTargetDependency */,
			);
			name = SnowSeekerUITests;
			productName = SnowSeekerUITests;
			productReference = F946A628289BBDB700DDD402 /* SnowSeekerUITests.xctest */;
			productType = "com.apple.product-type.bundle.ui-testing";
		};
/* End PBXNativeTarget section */

/* Begin PBXProject section */
		F946A606289BBDB500DDD402 /* Project object */ = {
			isa = PBXProject;
			attributes = {
				BuildIndependentTargetsInParallel = 1;
				LastSwiftUpdateCheck = 1340;
				LastUpgradeCheck = 1340;
				TargetAttributes = {
					F946A60D289BBDB500DDD402 = {
						CreatedOnToolsVersion = 13.4.1;
					};
					F946A61D289BBDB700DDD402 = {
						CreatedOnToolsVersion = 13.4.1;
						TestTargetID = F946A60D289BBDB500DDD402;
					};
					F946A627289BBDB700DDD402 = {
						CreatedOnToolsVersion = 13.4.1;
						TestTargetID = F946A60D289BBDB500DDD402;
					};
				};
			};
			buildConfigurationList = F946A609289BBDB500DDD402 /* Build configuration list for PBXProject "SnowSeeker" */;
			compatibilityVersion = "Xcode 13.0";
			developmentRegion = en;
			hasScannedForEncodings = 0;
			knownRegions = (
				en,
				Base,
			);
			mainGroup = F946A605289BBDB500DDD402;
			productRefGroup = F946A60F289BBDB500DDD402 /* Products */;
			projectDirPath = "";
			projectRoot = "";
			targets = (
				F946A60D289BBDB500DDD402 /* SnowSeeker */,
				F946A61D289BBDB700DDD402 /* SnowSeekerTests */,
				F946A627289BBDB700DDD402 /* SnowSeekerUITests */,
			);
		};
/* End PBXProject section */

/* Begin PBXResourcesBuildPhase section */
		F946A60C289BBDB500DDD402 /* Resources */ = {
			isa = PBXResourcesBuildPhase;
			buildActionMask = 2147483647;
			files = (
				F946A619289BBDB700DDD402 /* Preview Assets.xcassets in Resources */,
				F946A616289BBDB700DDD402 /* Assets.xcassets in Resources */,
			);
			runOnlyForDeploymentPostprocessing = 0;
		};
		F946A61C289BBDB700DDD402 /* Resources */ = {
			isa = PBXResourcesBuildPhase;
			buildActionMask = 2147483647;
			files = (
			);
			runOnlyForDeploymentPostprocessing = 0;
		};
		F946A626289BBDB700DDD402 /* Resources */ = {
			isa = PBXResourcesBuildPhase;
			buildActionMask = 2147483647;
			files = (
			);
			runOnlyForDeploymentPostprocessing = 0;
		};
/* End PBXResourcesBuildPhase section */

/* Begin PBXSourcesBuildPhase section */
		F946A60A289BBDB500DDD402 /* Sources */ = {
			isa = PBXSourcesBuildPhase;
			buildActionMask = 2147483647;
			files = (
				F946A63F289BC49B00DDD402 /* AlertAndSheetWithOptionals.swift in Sources */,
				F946A614289BBDB500DDD402 /* ContentView.swift in Sources */,
				F946A612289BBDB500DDD402 /* SnowSeekerApp.swift in Sources */,
				F946A63D289BC43300DDD402 /* SideBySideViews.swift in Sources */,
			);
			runOnlyForDeploymentPostprocessing = 0;
		};
		F946A61A289BBDB700DDD402 /* Sources */ = {
			isa = PBXSourcesBuildPhase;
			buildActionMask = 2147483647;
			files = (
				F946A623289BBDB700DDD402 /* SnowSeekerTests.swift in Sources */,
			);
			runOnlyForDeploymentPostprocessing = 0;
		};
		F946A624289BBDB700DDD402 /* Sources */ = {
			isa = PBXSourcesBuildPhase;
			buildActionMask = 2147483647;
			files = (
				F946A62F289BBDB700DDD402 /* SnowSeekerUITestsLaunchTests.swift in Sources */,
				F946A62D289BBDB700DDD402 /* SnowSeekerUITests.swift in Sources */,
			);
			runOnlyForDeploymentPostprocessing = 0;
		};
/* End PBXSourcesBuildPhase section */

/* Begin PBXTargetDependency section */
		F946A620289BBDB700DDD402 /* PBXTargetDependency */ = {
			isa = PBXTargetDependency;
			target = F946A60D289BBDB500DDD402 /* SnowSeeker */;
			targetProxy = F946A61F289BBDB700DDD402 /* PBXContainerItemProxy */;
		};
		F946A62A289BBDB700DDD402 /* PBXTargetDependency */ = {
			isa = PBXTargetDependency;
			target = F946A60D289BBDB500DDD402 /* SnowSeeker */;
			targetProxy = F946A629289BBDB700DDD402 /* PBXContainerItemProxy */;
		};
/* End PBXTargetDependency section */

/* Begin XCBuildConfiguration section */
		F946A630289BBDB700DDD402 /* Debug */ = {
			isa = XCBuildConfiguration;
			buildSettings = {
				ALWAYS_SEARCH_USER_PATHS = NO;
				CLANG_ANALYZER_NONNULL = YES;
				CLANG_ANALYZER_NUMBER_OBJECT_CONVERSION = YES_AGGRESSIVE;
				CLANG_CXX_LANGUAGE_STANDARD = "gnu++17";
				CLANG_ENABLE_MODULES = YES;
				CLANG_ENABLE_OBJC_ARC = YES;
				CLANG_ENABLE_OBJC_WEAK = YES;
				CLANG_WARN_BLOCK_CAPTURE_AUTORELEASING = YES;
				CLANG_WARN_BOOL_CONVERSION = YES;
				CLANG_WARN_COMMA = YES;
				CLANG_WARN_CONSTANT_CONVERSION = YES;
				CLANG_WARN_DEPRECATED_OBJC_IMPLEMENTATIONS = YES;
				CLANG_WARN_DIRECT_OBJC_ISA_USAGE = YES_ERROR;
				CLANG_WARN_DOCUMENTATION_COMMENTS = YES;
				CLANG_WARN_EMPTY_BODY = YES;
				CLANG_WARN_ENUM_CONVERSION = YES;
				CLANG_WARN_INFINITE_RECURSION = YES;
				CLANG_WARN_INT_CONVERSION = YES;
				CLANG_WARN_NON_LITERAL_NULL_CONVERSION = YES;
				CLANG_WARN_OBJC_IMPLICIT_RETAIN_SELF = YES;
				CLANG_WARN_OBJC_LITERAL_CONVERSION = YES;
				CLANG_WARN_OBJC_ROOT_CLASS = YES_ERROR;
				CLANG_WARN_QUOTED_INCLUDE_IN_FRAMEWORK_HEADER = YES;
				CLANG_WARN_RANGE_LOOP_ANALYSIS = YES;
				CLANG_WARN_STRICT_PROTOTYPES = YES;
				CLANG_WARN_SUSPICIOUS_MOVE = YES;
				CLANG_WARN_UNGUARDED_AVAILABILITY = YES_AGGRESSIVE;
				CLANG_WARN_UNREACHABLE_CODE = YES;
				CLANG_WARN__DUPLICATE_METHOD_MATCH = YES;
				COPY_PHASE_STRIP = NO;
				DEBUG_INFORMATION_FORMAT = dwarf;
				ENABLE_STRICT_OBJC_MSGSEND = YES;
				ENABLE_TESTABILITY = YES;
				GCC_C_LANGUAGE_STANDARD = gnu11;
				GCC_DYNAMIC_NO_PIC = NO;
				GCC_NO_COMMON_BLOCKS = YES;
				GCC_OPTIMIZATION_LEVEL = 0;
				GCC_PREPROCESSOR_DEFINITIONS = (
					"DEBUG=1",
					"$(inherited)",
				);
				GCC_WARN_64_TO_32_BIT_CONVERSION = YES;
				GCC_WARN_ABOUT_RETURN_TYPE = YES_ERROR;
				GCC_WARN_UNDECLARED_SELECTOR = YES;
				GCC_WARN_UNINITIALIZED_AUTOS = YES_AGGRESSIVE;
				GCC_WARN_UNUSED_FUNCTION = YES;
				GCC_WARN_UNUSED_VARIABLE = YES;
				IPHONEOS_DEPLOYMENT_TARGET = 15.5;
				MTL_ENABLE_DEBUG_INFO = INCLUDE_SOURCE;
				MTL_FAST_MATH = YES;
				ONLY_ACTIVE_ARCH = YES;
				SDKROOT = iphoneos;
				SWIFT_ACTIVE_COMPILATION_CONDITIONS = DEBUG;
				SWIFT_OPTIMIZATION_LEVEL = "-Onone";
			};
			name = Debug;
		};
		F946A631289BBDB700DDD402 /* Release */ = {
			isa = XCBuildConfiguration;
			buildSettings = {
				ALWAYS_SEARCH_USER_PATHS = NO;
				CLANG_ANALYZER_NONNULL = YES;
				CLANG_ANALYZER_NUMBER_OBJECT_CONVERSION = YES_AGGRESSIVE;
				CLANG_CXX_LANGUAGE_STANDARD = "gnu++17";
				CLANG_ENABLE_MODULES = YES;
				CLANG_ENABLE_OBJC_ARC = YES;
				CLANG_ENABLE_OBJC_WEAK = YES;
				CLANG_WARN_BLOCK_CAPTURE_AUTORELEASING = YES;
				CLANG_WARN_BOOL_CONVERSION = YES;
				CLANG_WARN_COMMA = YES;
				CLANG_WARN_CONSTANT_CONVERSION = YES;
				CLANG_WARN_DEPRECATED_OBJC_IMPLEMENTATIONS = YES;
				CLANG_WARN_DIRECT_OBJC_ISA_USAGE = YES_ERROR;
				CLANG_WARN_DOCUMENTATION_COMMENTS = YES;
				CLANG_WARN_EMPTY_BODY = YES;
				CLANG_WARN_ENUM_CONVERSION = YES;
				CLANG_WARN_INFINITE_RECURSION = YES;
				CLANG_WARN_INT_CONVERSION = YES;
				CLANG_WARN_NON_LITERAL_NULL_CONVERSION = YES;
				CLANG_WARN_OBJC_IMPLICIT_RETAIN_SELF = YES;
				CLANG_WARN_OBJC_LITERAL_CONVERSION = YES;
				CLANG_WARN_OBJC_ROOT_CLASS = YES_ERROR;
				CLANG_WARN_QUOTED_INCLUDE_IN_FRAMEWORK_HEADER = YES;
				CLANG_WARN_RANGE_LOOP_ANALYSIS = YES;
				CLANG_WARN_STRICT_PROTOTYPES = YES;
				CLANG_WARN_SUSPICIOUS_MOVE = YES;
				CLANG_WARN_UNGUARDED_AVAILABILITY = YES_AGGRESSIVE;
				CLANG_WARN_UNREACHABLE_CODE = YES;
				CLANG_WARN__DUPLICATE_METHOD_MATCH = YES;
				COPY_PHASE_STRIP = NO;
				DEBUG_INFORMATION_FORMAT = "dwarf-with-dsym";
				ENABLE_NS_ASSERTIONS = NO;
				ENABLE_STRICT_OBJC_MSGSEND = YES;
				GCC_C_LANGUAGE_STANDARD = gnu11;
				GCC_NO_COMMON_BLOCKS = YES;
				GCC_WARN_64_TO_32_BIT_CONVERSION = YES;
				GCC_WARN_ABOUT_RETURN_TYPE = YES_ERROR;
				GCC_WARN_UNDECLARED_SELECTOR = YES;
				GCC_WARN_UNINITIALIZED_AUTOS = YES_AGGRESSIVE;
				GCC_WARN_UNUSED_FUNCTION = YES;
				GCC_WARN_UNUSED_VARIABLE = YES;
				IPHONEOS_DEPLOYMENT_TARGET = 15.5;
				MTL_ENABLE_DEBUG_INFO = NO;
				MTL_FAST_MATH = YES;
				SDKROOT = iphoneos;
				SWIFT_COMPILATION_MODE = wholemodule;
				SWIFT_OPTIMIZATION_LEVEL = "-O";
				VALIDATE_PRODUCT = YES;
			};
			name = Release;
		};
		F946A633289BBDB700DDD402 /* Debug */ = {
			isa = XCBuildConfiguration;
			buildSettings = {
				ASSETCATALOG_COMPILER_APPICON_NAME = AppIcon;
				ASSETCATALOG_COMPILER_GLOBAL_ACCENT_COLOR_NAME = AccentColor;
				CODE_SIGN_STYLE = Automatic;
				CURRENT_PROJECT_VERSION = 1;
				DEVELOPMENT_ASSET_PATHS = "\"SnowSeeker/Preview Content\"";
				ENABLE_PREVIEWS = YES;
				GENERATE_INFOPLIST_FILE = YES;
				INFOPLIST_KEY_UIApplicationSceneManifest_Generation = YES;
				INFOPLIST_KEY_UIApplicationSupportsIndirectInputEvents = YES;
				INFOPLIST_KEY_UILaunchScreen_Generation = YES;
				INFOPLIST_KEY_UISupportedInterfaceOrientations_iPad = "UIInterfaceOrientationPortrait UIInterfaceOrientationPortraitUpsideDown UIInterfaceOrientationLandscapeLeft UIInterfaceOrientationLandscapeRight";
				INFOPLIST_KEY_UISupportedInterfaceOrientations_iPhone = "UIInterfaceOrientationPortrait UIInterfaceOrientationLandscapeLeft UIInterfaceOrientationLandscapeRight";
				LD_RUNPATH_SEARCH_PATHS = (
					"$(inherited)",
					"@executable_path/Frameworks",
				);
				MARKETING_VERSION = 1.0;
				PRODUCT_BUNDLE_IDENTIFIER = com.takasurazeem.SnowSeeker;
				PRODUCT_NAME = "$(TARGET_NAME)";
				SWIFT_EMIT_LOC_STRINGS = YES;
				SWIFT_VERSION = 5.0;
				TARGETED_DEVICE_FAMILY = "1,2";
			};
			name = Debug;
		};
		F946A634289BBDB700DDD402 /* Release */ = {
			isa = XCBuildConfiguration;
			buildSettings = {
				ASSETCATALOG_COMPILER_APPICON_NAME = AppIcon;
				ASSETCATALOG_COMPILER_GLOBAL_ACCENT_COLOR_NAME = AccentColor;
				CODE_SIGN_STYLE = Automatic;
				CURRENT_PROJECT_VERSION = 1;
				DEVELOPMENT_ASSET_PATHS = "\"SnowSeeker/Preview Content\"";
				ENABLE_PREVIEWS = YES;
				GENERATE_INFOPLIST_FILE = YES;
				INFOPLIST_KEY_UIApplicationSceneManifest_Generation = YES;
				INFOPLIST_KEY_UIApplicationSupportsIndirectInputEvents = YES;
				INFOPLIST_KEY_UILaunchScreen_Generation = YES;
				INFOPLIST_KEY_UISupportedInterfaceOrientations_iPad = "UIInterfaceOrientationPortrait UIInterfaceOrientationPortraitUpsideDown UIInterfaceOrientationLandscapeLeft UIInterfaceOrientationLandscapeRight";
				INFOPLIST_KEY_UISupportedInterfaceOrientations_iPhone = "UIInterfaceOrientationPortrait UIInterfaceOrientationLandscapeLeft UIInterfaceOrientationLandscapeRight";
				LD_RUNPATH_SEARCH_PATHS = (
					"$(inherited)",
					"@executable_path/Frameworks",
				);
				MARKETING_VERSION = 1.0;
				PRODUCT_BUNDLE_IDENTIFIER = com.takasurazeem.SnowSeeker;
				PRODUCT_NAME = "$(TARGET_NAME)";
				SWIFT_EMIT_LOC_STRINGS = YES;
				SWIFT_VERSION = 5.0;
				TARGETED_DEVICE_FAMILY = "1,2";
			};
			name = Release;
		};
		F946A636289BBDB700DDD402 /* Debug */ = {
			isa = XCBuildConfiguration;
			buildSettings = {
				ALWAYS_EMBED_SWIFT_STANDARD_LIBRARIES = YES;
				BUNDLE_LOADER = "$(TEST_HOST)";
				CODE_SIGN_STYLE = Automatic;
				CURRENT_PROJECT_VERSION = 1;
				GENERATE_INFOPLIST_FILE = YES;
				IPHONEOS_DEPLOYMENT_TARGET = 15.5;
				MARKETING_VERSION = 1.0;
				PRODUCT_BUNDLE_IDENTIFIER = com.takasurazeem.SnowSeekerTests;
				PRODUCT_NAME = "$(TARGET_NAME)";
				SWIFT_EMIT_LOC_STRINGS = NO;
				SWIFT_VERSION = 5.0;
				TARGETED_DEVICE_FAMILY = "1,2";
				TEST_HOST = "$(BUILT_PRODUCTS_DIR)/SnowSeeker.app/SnowSeeker";
			};
			name = Debug;
		};
		F946A637289BBDB700DDD402 /* Release */ = {
			isa = XCBuildConfiguration;
			buildSettings = {
				ALWAYS_EMBED_SWIFT_STANDARD_LIBRARIES = YES;
				BUNDLE_LOADER = "$(TEST_HOST)";
				CODE_SIGN_STYLE = Automatic;
				CURRENT_PROJECT_VERSION = 1;
				GENERATE_INFOPLIST_FILE = YES;
				IPHONEOS_DEPLOYMENT_TARGET = 15.5;
				MARKETING_VERSION = 1.0;
				PRODUCT_BUNDLE_IDENTIFIER = com.takasurazeem.SnowSeekerTests;
				PRODUCT_NAME = "$(TARGET_NAME)";
				SWIFT_EMIT_LOC_STRINGS = NO;
				SWIFT_VERSION = 5.0;
				TARGETED_DEVICE_FAMILY = "1,2";
				TEST_HOST = "$(BUILT_PRODUCTS_DIR)/SnowSeeker.app/SnowSeeker";
			};
			name = Release;
		};
		F946A639289BBDB700DDD402 /* Debug */ = {
			isa = XCBuildConfiguration;
			buildSettings = {
				ALWAYS_EMBED_SWIFT_STANDARD_LIBRARIES = YES;
				CODE_SIGN_STYLE = Automatic;
				CURRENT_PROJECT_VERSION = 1;
				GENERATE_INFOPLIST_FILE = YES;
				MARKETING_VERSION = 1.0;
				PRODUCT_BUNDLE_IDENTIFIER = com.takasurazeem.SnowSeekerUITests;
				PRODUCT_NAME = "$(TARGET_NAME)";
				SWIFT_EMIT_LOC_STRINGS = NO;
				SWIFT_VERSION = 5.0;
				TARGETED_DEVICE_FAMILY = "1,2";
				TEST_TARGET_NAME = SnowSeeker;
			};
			name = Debug;
		};
		F946A63A289BBDB700DDD402 /* Release */ = {
			isa = XCBuildConfiguration;
			buildSettings = {
				ALWAYS_EMBED_SWIFT_STANDARD_LIBRARIES = YES;
				CODE_SIGN_STYLE = Automatic;
				CURRENT_PROJECT_VERSION = 1;
				GENERATE_INFOPLIST_FILE = YES;
				MARKETING_VERSION = 1.0;
				PRODUCT_BUNDLE_IDENTIFIER = com.takasurazeem.SnowSeekerUITests;
				PRODUCT_NAME = "$(TARGET_NAME)";
				SWIFT_EMIT_LOC_STRINGS = NO;
				SWIFT_VERSION = 5.0;
				TARGETED_DEVICE_FAMILY = "1,2";
				TEST_TARGET_NAME = SnowSeeker;
			};
			name = Release;
		};
/* End XCBuildConfiguration section */

/* Begin XCConfigurationList section */
		F946A609289BBDB500DDD402 /* Build configuration list for PBXProject "SnowSeeker" */ = {
			isa = XCConfigurationList;
			buildConfigurations = (
				F946A630289BBDB700DDD402 /* Debug */,
				F946A631289BBDB700DDD402 /* Release */,
			);
			defaultConfigurationIsVisible = 0;
			defaultConfigurationName = Release;
		};
		F946A632289BBDB700DDD402 /* Build configuration list for PBXNativeTarget "SnowSeeker" */ = {
			isa = XCConfigurationList;
			buildConfigurations = (
				F946A633289BBDB700DDD402 /* Debug */,
				F946A634289BBDB700DDD402 /* Release */,
			);
			defaultConfigurationIsVisible = 0;
			defaultConfigurationName = Release;
		};
		F946A635289BBDB700DDD402 /* Build configuration list for PBXNativeTarget "SnowSeekerTests" */ = {
			isa = XCConfigurationList;
			buildConfigurations = (
				F946A636289BBDB700DDD402 /* Debug */,
				F946A637289BBDB700DDD402 /* Release */,
			);
			defaultConfigurationIsVisible = 0;
			defaultConfigurationName = Release;
		};
		F946A638289BBDB700DDD402 /* Build configuration list for PBXNativeTarget "SnowSeekerUITests" */ = {
			isa = XCConfigurationList;
			buildConfigurations = (
				F946A639289BBDB700DDD402 /* Debug */,
				F946A63A289BBDB700DDD402 /* Release */,
			);
			defaultConfigurationIsVisible = 0;
			defaultConfigurationName = Release;
		};
/* End XCConfigurationList section */
	};
	rootObject = F946A606289BBDB500DDD402 /* Project object */;
}
